// !$*UTF8*$!
{
	archiveVersion = 1;
	classes = {
	};
	objectVersion = 46;
	objects = {

/* Begin PBXBuildFile section */
		0711E8A71C8BD7AC0015D741 /* SLRootViewController.m in Sources */ = {isa = PBXBuildFile; fileRef = 0711E8A61C8BD7AC0015D741 /* SLRootViewController.m */; };
		07E81F4B1C8A5EA0003C6A31 /* LoopBack.framework in Frameworks */ = {isa = PBXBuildFile; fileRef = 07E81F4A1C8A5EA0003C6A31 /* LoopBack.framework */; };
		07F4B1761C88F52E0063E43A /* main.m in Sources */ = {isa = PBXBuildFile; fileRef = 07F4B1751C88F52E0063E43A /* main.m */; };
		07F4B1791C88F52E0063E43A /* AppDelegate.m in Sources */ = {isa = PBXBuildFile; fileRef = 07F4B1781C88F52E0063E43A /* AppDelegate.m */; };
		07F4B17C1C88F52E0063E43A /* ViewController.m in Sources */ = {isa = PBXBuildFile; fileRef = 07F4B17B1C88F52E0063E43A /* ViewController.m */; };
		07F4B17F1C88F52E0063E43A /* Main.storyboard in Resources */ = {isa = PBXBuildFile; fileRef = 07F4B17D1C88F52E0063E43A /* Main.storyboard */; };
		07F4B1811C88F52E0063E43A /* Assets.xcassets in Resources */ = {isa = PBXBuildFile; fileRef = 07F4B1801C88F52E0063E43A /* Assets.xcassets */; };
		07F4B1841C88F52E0063E43A /* LaunchScreen.storyboard in Resources */ = {isa = PBXBuildFile; fileRef = 07F4B1821C88F52E0063E43A /* LaunchScreen.storyboard */; };
		07F4B18F1C88F52F0063E43A /* shoppinglistTests.m in Sources */ = {isa = PBXBuildFile; fileRef = 07F4B18E1C88F52F0063E43A /* shoppinglistTests.m */; };
		07F4B19A1C88F52F0063E43A /* shoppinglistUITests.m in Sources */ = {isa = PBXBuildFile; fileRef = 07F4B1991C88F52F0063E43A /* shoppinglistUITests.m */; };
		07F4B1A81C88F5F80063E43A /* SLTableViewController.m in Sources */ = {isa = PBXBuildFile; fileRef = 07F4B1A71C88F5F80063E43A /* SLTableViewController.m */; };
		07F4B1AB1C88FEC40063E43A /* SLTableViewCell.m in Sources */ = {isa = PBXBuildFile; fileRef = 07F4B1AA1C88FEC40063E43A /* SLTableViewCell.m */; };
		07F4B1AE1C8900410063E43A /* SLShoppingListItem.m in Sources */ = {isa = PBXBuildFile; fileRef = 07F4B1AD1C8900410063E43A /* SLShoppingListItem.m */; };
/* End PBXBuildFile section */

/* Begin PBXContainerItemProxy section */
		07F4B18B1C88F52F0063E43A /* PBXContainerItemProxy */ = {
			isa = PBXContainerItemProxy;
			containerPortal = 07F4B1691C88F52E0063E43A /* Project object */;
			proxyType = 1;
			remoteGlobalIDString = 07F4B1701C88F52E0063E43A;
			remoteInfo = shoppinglist;
		};
		07F4B1961C88F52F0063E43A /* PBXContainerItemProxy */ = {
			isa = PBXContainerItemProxy;
			containerPortal = 07F4B1691C88F52E0063E43A /* Project object */;
			proxyType = 1;
			remoteGlobalIDString = 07F4B1701C88F52E0063E43A;
			remoteInfo = shoppinglist;
		};
/* End PBXContainerItemProxy section */

/* Begin PBXFileReference section */
		0711E8A61C8BD7AC0015D741 /* SLRootViewController.m */ = {isa = PBXFileReference; fileEncoding = 4; lastKnownFileType = sourcecode.c.objc; path = SLRootViewController.m; sourceTree = "<group>"; };
		0711E8A81C8BD7C60015D741 /* SLRootViewController.h */ = {isa = PBXFileReference; fileEncoding = 4; lastKnownFileType = sourcecode.c.h; path = SLRootViewController.h; sourceTree = "<group>"; };
		07E81F4A1C8A5EA0003C6A31 /* LoopBack.framework */ = {isa = PBXFileReference; lastKnownFileType = wrapper.framework; path = LoopBack.framework; sourceTree = "<group>"; };
		07E81F4F1C8A7DD2003C6A31 /* shoppinglist-server */ = {isa = PBXFileReference; lastKnownFileType = folder; path = "shoppinglist-server"; sourceTree = "<group>"; };
		07F4B1711C88F52E0063E43A /* shoppinglist.app */ = {isa = PBXFileReference; explicitFileType = wrapper.application; includeInIndex = 0; path = shoppinglist.app; sourceTree = BUILT_PRODUCTS_DIR; };
		07F4B1751C88F52E0063E43A /* main.m */ = {isa = PBXFileReference; lastKnownFileType = sourcecode.c.objc; path = main.m; sourceTree = "<group>"; };
		07F4B1771C88F52E0063E43A /* AppDelegate.h */ = {isa = PBXFileReference; lastKnownFileType = sourcecode.c.h; path = AppDelegate.h; sourceTree = "<group>"; };
		07F4B1781C88F52E0063E43A /* AppDelegate.m */ = {isa = PBXFileReference; lastKnownFileType = sourcecode.c.objc; path = AppDelegate.m; sourceTree = "<group>"; };
		07F4B17A1C88F52E0063E43A /* ViewController.h */ = {isa = PBXFileReference; lastKnownFileType = sourcecode.c.h; path = ViewController.h; sourceTree = "<group>"; };
		07F4B17B1C88F52E0063E43A /* ViewController.m */ = {isa = PBXFileReference; lastKnownFileType = sourcecode.c.objc; path = ViewController.m; sourceTree = "<group>"; };
		07F4B17E1C88F52E0063E43A /* Base */ = {isa = PBXFileReference; lastKnownFileType = file.storyboard; name = Base; path = Base.lproj/Main.storyboard; sourceTree = "<group>"; };
		07F4B1801C88F52E0063E43A /* Assets.xcassets */ = {isa = PBXFileReference; lastKnownFileType = folder.assetcatalog; path = Assets.xcassets; sourceTree = "<group>"; };
		07F4B1831C88F52E0063E43A /* Base */ = {isa = PBXFileReference; lastKnownFileType = file.storyboard; name = Base; path = Base.lproj/LaunchScreen.storyboard; sourceTree = "<group>"; };
		07F4B1851C88F52E0063E43A /* Info.plist */ = {isa = PBXFileReference; lastKnownFileType = text.plist.xml; path = Info.plist; sourceTree = "<group>"; };
		07F4B18A1C88F52F0063E43A /* shoppinglistTests.xctest */ = {isa = PBXFileReference; explicitFileType = wrapper.cfbundle; includeInIndex = 0; path = shoppinglistTests.xctest; sourceTree = BUILT_PRODUCTS_DIR; };
		07F4B18E1C88F52F0063E43A /* shoppinglistTests.m */ = {isa = PBXFileReference; lastKnownFileType = sourcecode.c.objc; path = shoppinglistTests.m; sourceTree = "<group>"; };
		07F4B1901C88F52F0063E43A /* Info.plist */ = {isa = PBXFileReference; lastKnownFileType = text.plist.xml; path = Info.plist; sourceTree = "<group>"; };
		07F4B1951C88F52F0063E43A /* shoppinglistUITests.xctest */ = {isa = PBXFileReference; explicitFileType = wrapper.cfbundle; includeInIndex = 0; path = shoppinglistUITests.xctest; sourceTree = BUILT_PRODUCTS_DIR; };
		07F4B1991C88F52F0063E43A /* shoppinglistUITests.m */ = {isa = PBXFileReference; lastKnownFileType = sourcecode.c.objc; path = shoppinglistUITests.m; sourceTree = "<group>"; };
		07F4B19B1C88F52F0063E43A /* Info.plist */ = {isa = PBXFileReference; lastKnownFileType = text.plist.xml; path = Info.plist; sourceTree = "<group>"; };
		07F4B1A71C88F5F80063E43A /* SLTableViewController.m */ = {isa = PBXFileReference; fileEncoding = 4; lastKnownFileType = sourcecode.c.objc; path = SLTableViewController.m; sourceTree = "<group>"; };
		07F4B1A91C88F60A0063E43A /* SLTableViewController.h */ = {isa = PBXFileReference; fileEncoding = 4; lastKnownFileType = sourcecode.c.h; path = SLTableViewController.h; sourceTree = "<group>"; };
		07F4B1AA1C88FEC40063E43A /* SLTableViewCell.m */ = {isa = PBXFileReference; fileEncoding = 4; lastKnownFileType = sourcecode.c.objc; path = SLTableViewCell.m; sourceTree = "<group>"; };
		07F4B1AC1C88FECE0063E43A /* SLTableViewCell.h */ = {isa = PBXFileReference; lastKnownFileType = sourcecode.c.h; path = SLTableViewCell.h; sourceTree = "<group>"; };
		07F4B1AD1C8900410063E43A /* SLShoppingListItem.m */ = {isa = PBXFileReference; fileEncoding = 4; lastKnownFileType = sourcecode.c.objc; path = SLShoppingListItem.m; sourceTree = "<group>"; };
		07F4B1AF1C89004D0063E43A /* SLShoppingListItem.h */ = {isa = PBXFileReference; fileEncoding = 4; lastKnownFileType = sourcecode.c.h; path = SLShoppingListItem.h; sourceTree = "<group>"; };
/* End PBXFileReference section */

/* Begin PBXFrameworksBuildPhase section */
		07F4B16E1C88F52E0063E43A /* Frameworks */ = {
			isa = PBXFrameworksBuildPhase;
			buildActionMask = 2147483647;
			files = (
				07E81F4B1C8A5EA0003C6A31 /* LoopBack.framework in Frameworks */,
			);
			runOnlyForDeploymentPostprocessing = 0;
		};
		07F4B1871C88F52F0063E43A /* Frameworks */ = {
			isa = PBXFrameworksBuildPhase;
			buildActionMask = 2147483647;
			files = (
			);
			runOnlyForDeploymentPostprocessing = 0;
		};
		07F4B1921C88F52F0063E43A /* Frameworks */ = {
			isa = PBXFrameworksBuildPhase;
			buildActionMask = 2147483647;
			files = (
			);
			runOnlyForDeploymentPostprocessing = 0;
		};
/* End PBXFrameworksBuildPhase section */

/* Begin PBXGroup section */
		07F4B1681C88F52E0063E43A = {
			isa = PBXGroup;
			children = (
				07E81F4F1C8A7DD2003C6A31 /* shoppinglist-server */,
				07E81F4A1C8A5EA0003C6A31 /* LoopBack.framework */,
				07F4B1731C88F52E0063E43A /* shoppinglist */,
				07F4B18D1C88F52F0063E43A /* shoppinglistTests */,
				07F4B1981C88F52F0063E43A /* shoppinglistUITests */,
				07F4B1721C88F52E0063E43A /* Products */,
			);
			sourceTree = "<group>";
		};
		07F4B1721C88F52E0063E43A /* Products */ = {
			isa = PBXGroup;
			children = (
				07F4B1711C88F52E0063E43A /* shoppinglist.app */,
				07F4B18A1C88F52F0063E43A /* shoppinglistTests.xctest */,
				07F4B1951C88F52F0063E43A /* shoppinglistUITests.xctest */,
			);
			name = Products;
			sourceTree = "<group>";
		};
		07F4B1731C88F52E0063E43A /* shoppinglist */ = {
			isa = PBXGroup;
			children = (
				07F4B1771C88F52E0063E43A /* AppDelegate.h */,
				07F4B1781C88F52E0063E43A /* AppDelegate.m */,
				07F4B17A1C88F52E0063E43A /* ViewController.h */,
				07F4B17B1C88F52E0063E43A /* ViewController.m */,
				07F4B17D1C88F52E0063E43A /* Main.storyboard */,
				07F4B1801C88F52E0063E43A /* Assets.xcassets */,
				07F4B1821C88F52E0063E43A /* LaunchScreen.storyboard */,
				07F4B1851C88F52E0063E43A /* Info.plist */,
				07F4B1741C88F52E0063E43A /* Supporting Files */,
				07F4B1A71C88F5F80063E43A /* SLTableViewController.m */,
				07F4B1A91C88F60A0063E43A /* SLTableViewController.h */,
				07F4B1AA1C88FEC40063E43A /* SLTableViewCell.m */,
				07F4B1AC1C88FECE0063E43A /* SLTableViewCell.h */,
				07F4B1AD1C8900410063E43A /* SLShoppingListItem.m */,
				07F4B1AF1C89004D0063E43A /* SLShoppingListItem.h */,
				0711E8A61C8BD7AC0015D741 /* SLRootViewController.m */,
				0711E8A81C8BD7C60015D741 /* SLRootViewController.h */,
			);
			path = shoppinglist;
			sourceTree = "<group>";
		};
		07F4B1741C88F52E0063E43A /* Supporting Files */ = {
			isa = PBXGroup;
			children = (
				07F4B1751C88F52E0063E43A /* main.m */,
			);
			name = "Supporting Files";
			sourceTree = "<group>";
		};
		07F4B18D1C88F52F0063E43A /* shoppinglistTests */ = {
			isa = PBXGroup;
			children = (
				07F4B18E1C88F52F0063E43A /* shoppinglistTests.m */,
				07F4B1901C88F52F0063E43A /* Info.plist */,
			);
			path = shoppinglistTests;
			sourceTree = "<group>";
		};
		07F4B1981C88F52F0063E43A /* shoppinglistUITests */ = {
			isa = PBXGroup;
			children = (
				07F4B1991C88F52F0063E43A /* shoppinglistUITests.m */,
				07F4B19B1C88F52F0063E43A /* Info.plist */,
			);
			path = shoppinglistUITests;
			sourceTree = "<group>";
		};
/* End PBXGroup section */

/* Begin PBXNativeTarget section */
		07F4B1701C88F52E0063E43A /* shoppinglist */ = {
			isa = PBXNativeTarget;
			buildConfigurationList = 07F4B19E1C88F52F0063E43A /* Build configuration list for PBXNativeTarget "shoppinglist" */;
			buildPhases = (
				07F4B16D1C88F52E0063E43A /* Sources */,
				07F4B16E1C88F52E0063E43A /* Frameworks */,
				07F4B16F1C88F52E0063E43A /* Resources */,
			);
			buildRules = (
			);
			dependencies = (
			);
			name = shoppinglist;
			productName = shoppinglist;
			productReference = 07F4B1711C88F52E0063E43A /* shoppinglist.app */;
			productType = "com.apple.product-type.application";
		};
		07F4B1891C88F52F0063E43A /* shoppinglistTests */ = {
			isa = PBXNativeTarget;
			buildConfigurationList = 07F4B1A11C88F52F0063E43A /* Build configuration list for PBXNativeTarget "shoppinglistTests" */;
			buildPhases = (
				07F4B1861C88F52F0063E43A /* Sources */,
				07F4B1871C88F52F0063E43A /* Frameworks */,
				07F4B1881C88F52F0063E43A /* Resources */,
			);
			buildRules = (
			);
			dependencies = (
				07F4B18C1C88F52F0063E43A /* PBXTargetDependency */,
			);
			name = shoppinglistTests;
			productName = shoppinglistTests;
			productReference = 07F4B18A1C88F52F0063E43A /* shoppinglistTests.xctest */;
			productType = "com.apple.product-type.bundle.unit-test";
		};
		07F4B1941C88F52F0063E43A /* shoppinglistUITests */ = {
			isa = PBXNativeTarget;
			buildConfigurationList = 07F4B1A41C88F52F0063E43A /* Build configuration list for PBXNativeTarget "shoppinglistUITests" */;
			buildPhases = (
				07F4B1911C88F52F0063E43A /* Sources */,
				07F4B1921C88F52F0063E43A /* Frameworks */,
				07F4B1931C88F52F0063E43A /* Resources */,
			);
			buildRules = (
			);
			dependencies = (
				07F4B1971C88F52F0063E43A /* PBXTargetDependency */,
			);
			name = shoppinglistUITests;
			productName = shoppinglistUITests;
			productReference = 07F4B1951C88F52F0063E43A /* shoppinglistUITests.xctest */;
			productType = "com.apple.product-type.bundle.ui-testing";
		};
/* End PBXNativeTarget section */

/* Begin PBXProject section */
		07F4B1691C88F52E0063E43A /* Project object */ = {
			isa = PBXProject;
			attributes = {
				LastUpgradeCheck = 0720;
				ORGANIZATIONNAME = "Eric Lanini";
				TargetAttributes = {
					07F4B1701C88F52E0063E43A = {
						CreatedOnToolsVersion = 7.2;
						DevelopmentTeam = L6ZT8BRWQB;
					};
					07F4B1891C88F52F0063E43A = {
						CreatedOnToolsVersion = 7.2;
						DevelopmentTeam = L6ZT8BRWQB;
						TestTargetID = 07F4B1701C88F52E0063E43A;
					};
					07F4B1941C88F52F0063E43A = {
						CreatedOnToolsVersion = 7.2;
						DevelopmentTeam = L6ZT8BRWQB;
						TestTargetID = 07F4B1701C88F52E0063E43A;
					};
				};
			};
			buildConfigurationList = 07F4B16C1C88F52E0063E43A /* Build configuration list for PBXProject "shoppinglist" */;
			compatibilityVersion = "Xcode 3.2";
			developmentRegion = English;
			hasScannedForEncodings = 0;
			knownRegions = (
				en,
				Base,
			);
			mainGroup = 07F4B1681C88F52E0063E43A;
			productRefGroup = 07F4B1721C88F52E0063E43A /* Products */;
			projectDirPath = "";
			projectRoot = "";
			targets = (
				07F4B1701C88F52E0063E43A /* shoppinglist */,
				07F4B1891C88F52F0063E43A /* shoppinglistTests */,
				07F4B1941C88F52F0063E43A /* shoppinglistUITests */,
			);
		};
/* End PBXProject section */

/* Begin PBXResourcesBuildPhase section */
		07F4B16F1C88F52E0063E43A /* Resources */ = {
			isa = PBXResourcesBuildPhase;
			buildActionMask = 2147483647;
			files = (
				07F4B1841C88F52E0063E43A /* LaunchScreen.storyboard in Resources */,
				07F4B1811C88F52E0063E43A /* Assets.xcassets in Resources */,
				07F4B17F1C88F52E0063E43A /* Main.storyboard in Resources */,
			);
			runOnlyForDeploymentPostprocessing = 0;
		};
		07F4B1881C88F52F0063E43A /* Resources */ = {
			isa = PBXResourcesBuildPhase;
			buildActionMask = 2147483647;
			files = (
			);
			runOnlyForDeploymentPostprocessing = 0;
		};
		07F4B1931C88F52F0063E43A /* Resources */ = {
			isa = PBXResourcesBuildPhase;
			buildActionMask = 2147483647;
			files = (
			);
			runOnlyForDeploymentPostprocessing = 0;
		};
/* End PBXResourcesBuildPhase section */

/* Begin PBXSourcesBuildPhase section */
		07F4B16D1C88F52E0063E43A /* Sources */ = {
			isa = PBXSourcesBuildPhase;
			buildActionMask = 2147483647;
			files = (
				07F4B1A81C88F5F80063E43A /* SLTableViewController.m in Sources */,
				07F4B1AE1C8900410063E43A /* SLShoppingListItem.m in Sources */,
				0711E8A71C8BD7AC0015D741 /* SLRootViewController.m in Sources */,
				07F4B17C1C88F52E0063E43A /* ViewController.m in Sources */,
				07F4B1791C88F52E0063E43A /* AppDelegate.m in Sources */,
				07F4B1761C88F52E0063E43A /* main.m in Sources */,
				07F4B1AB1C88FEC40063E43A /* SLTableViewCell.m in Sources */,
			);
			runOnlyForDeploymentPostprocessing = 0;
		};
		07F4B1861C88F52F0063E43A /* Sources */ = {
			isa = PBXSourcesBuildPhase;
			buildActionMask = 2147483647;
			files = (
				07F4B18F1C88F52F0063E43A /* shoppinglistTests.m in Sources */,
			);
			runOnlyForDeploymentPostprocessing = 0;
		};
		07F4B1911C88F52F0063E43A /* Sources */ = {
			isa = PBXSourcesBuildPhase;
			buildActionMask = 2147483647;
			files = (
				07F4B19A1C88F52F0063E43A /* shoppinglistUITests.m in Sources */,
			);
			runOnlyForDeploymentPostprocessing = 0;
		};
/* End PBXSourcesBuildPhase section */

/* Begin PBXTargetDependency section */
		07F4B18C1C88F52F0063E43A /* PBXTargetDependency */ = {
			isa = PBXTargetDependency;
			target = 07F4B1701C88F52E0063E43A /* shoppinglist */;
			targetProxy = 07F4B18B1C88F52F0063E43A /* PBXContainerItemProxy */;
		};
		07F4B1971C88F52F0063E43A /* PBXTargetDependency */ = {
			isa = PBXTargetDependency;
			target = 07F4B1701C88F52E0063E43A /* shoppinglist */;
			targetProxy = 07F4B1961C88F52F0063E43A /* PBXContainerItemProxy */;
		};
/* End PBXTargetDependency section */

/* Begin PBXVariantGroup section */
		07F4B17D1C88F52E0063E43A /* Main.storyboard */ = {
			isa = PBXVariantGroup;
			children = (
				07F4B17E1C88F52E0063E43A /* Base */,
			);
			name = Main.storyboard;
			sourceTree = "<group>";
		};
		07F4B1821C88F52E0063E43A /* LaunchScreen.storyboard */ = {
			isa = PBXVariantGroup;
			children = (
				07F4B1831C88F52E0063E43A /* Base */,
			);
			name = LaunchScreen.storyboard;
			sourceTree = "<group>";
		};
/* End PBXVariantGroup section */

/* Begin XCBuildConfiguration section */
		07F4B19C1C88F52F0063E43A /* Debug */ = {
			isa = XCBuildConfiguration;
			buildSettings = {
				ALWAYS_SEARCH_USER_PATHS = NO;
				CLANG_CXX_LANGUAGE_STANDARD = "gnu++0x";
				CLANG_CXX_LIBRARY = "libc++";
				CLANG_ENABLE_MODULES = YES;
				CLANG_ENABLE_OBJC_ARC = YES;
				CLANG_WARN_BOOL_CONVERSION = YES;
				CLANG_WARN_CONSTANT_CONVERSION = YES;
				CLANG_WARN_DIRECT_OBJC_ISA_USAGE = YES_ERROR;
				CLANG_WARN_EMPTY_BODY = YES;
				CLANG_WARN_ENUM_CONVERSION = YES;
				CLANG_WARN_INT_CONVERSION = YES;
				CLANG_WARN_OBJC_ROOT_CLASS = YES_ERROR;
				CLANG_WARN_UNREACHABLE_CODE = YES;
				CLANG_WARN__DUPLICATE_METHOD_MATCH = YES;
				"CODE_SIGN_IDENTITY[sdk=iphoneos*]" = "iPhone Developer";
				COPY_PHASE_STRIP = NO;
				DEBUG_INFORMATION_FORMAT = dwarf;
				ENABLE_STRICT_OBJC_MSGSEND = YES;
				ENABLE_TESTABILITY = YES;
				GCC_C_LANGUAGE_STANDARD = gnu99;
				GCC_DYNAMIC_NO_PIC = NO;
				GCC_NO_COMMON_BLOCKS = YES;
				GCC_OPTIMIZATION_LEVEL = 0;
				GCC_PREPROCESSOR_DEFINITIONS = (
					"DEBUG=1",
					"$(inherited)",
				);
				GCC_WARN_64_TO_32_BIT_CONVERSION = YES;
				GCC_WARN_ABOUT_RETURN_TYPE = YES_ERROR;
				GCC_WARN_UNDECLARED_SELECTOR = YES;
				GCC_WARN_UNINITIALIZED_AUTOS = YES_AGGRESSIVE;
				GCC_WARN_UNUSED_FUNCTION = YES;
				GCC_WARN_UNUSED_VARIABLE = YES;
				IPHONEOS_DEPLOYMENT_TARGET = 9.2;
				MTL_ENABLE_DEBUG_INFO = YES;
				ONLY_ACTIVE_ARCH = YES;
				SDKROOT = iphoneos;
				TARGETED_DEVICE_FAMILY = "1,2";
			};
			name = Debug;
		};
		07F4B19D1C88F52F0063E43A /* Release */ = {
			isa = XCBuildConfiguration;
			buildSettings = {
				ALWAYS_SEARCH_USER_PATHS = NO;
				CLANG_CXX_LANGUAGE_STANDARD = "gnu++0x";
				CLANG_CXX_LIBRARY = "libc++";
				CLANG_ENABLE_MODULES = YES;
				CLANG_ENABLE_OBJC_ARC = YES;
				CLANG_WARN_BOOL_CONVERSION = YES;
				CLANG_WARN_CONSTANT_CONVERSION = YES;
				CLANG_WARN_DIRECT_OBJC_ISA_USAGE = YES_ERROR;
				CLANG_WARN_EMPTY_BODY = YES;
				CLANG_WARN_ENUM_CONVERSION = YES;
				CLANG_WARN_INT_CONVERSION = YES;
				CLANG_WARN_OBJC_ROOT_CLASS = YES_ERROR;
				CLANG_WARN_UNREACHABLE_CODE = YES;
				CLANG_WARN__DUPLICATE_METHOD_MATCH = YES;
				"CODE_SIGN_IDENTITY[sdk=iphoneos*]" = "iPhone Developer";
				COPY_PHASE_STRIP = NO;
				DEBUG_INFORMATION_FORMAT = "dwarf-with-dsym";
				ENABLE_NS_ASSERTIONS = NO;
				ENABLE_STRICT_OBJC_MSGSEND = YES;
				GCC_C_LANGUAGE_STANDARD = gnu99;
				GCC_NO_COMMON_BLOCKS = YES;
				GCC_WARN_64_TO_32_BIT_CONVERSION = YES;
				GCC_WARN_ABOUT_RETURN_TYPE = YES_ERROR;
				GCC_WARN_UNDECLARED_SELECTOR = YES;
				GCC_WARN_UNINITIALIZED_AUTOS = YES_AGGRESSIVE;
				GCC_WARN_UNUSED_FUNCTION = YES;
				GCC_WARN_UNUSED_VARIABLE = YES;
				IPHONEOS_DEPLOYMENT_TARGET = 9.2;
				MTL_ENABLE_DEBUG_INFO = NO;
				SDKROOT = iphoneos;
				TARGETED_DEVICE_FAMILY = "1,2";
				VALIDATE_PRODUCT = YES;
			};
			name = Release;
		};
		07F4B19F1C88F52F0063E43A /* Debug */ = {
			isa = XCBuildConfiguration;
			buildSettings = {
				ASSETCATALOG_COMPILER_APPICON_NAME = AppIcon;
				CLANG_ENABLE_MODULES = YES;
				DEFINES_MODULE = YES;
				ENABLE_BITCODE = NO;
				FRAMEWORK_SEARCH_PATHS = (
					"$(inherited)",
					"$(PROJECT_DIR)",
				);
				GCC_PREFIX_HEADER = "";
				HEADER_SEARCH_PATHS = "";
				INFOPLIST_FILE = shoppinglist/Info.plist;
				IPHONEOS_DEPLOYMENT_TARGET = 8.0;
				LD_RUNPATH_SEARCH_PATHS = "$(inherited) @executable_path/Frameworks";
				OTHER_LDFLAGS = "";
				PRODUCT_BUNDLE_IDENTIFIER = com.elanini.shoppinglist;
				PRODUCT_NAME = "$(TARGET_NAME)";
				SWIFT_OPTIMIZATION_LEVEL = "-Onone";
			};
			name = Debug;
		};
		07F4B1A01C88F52F0063E43A /* Release */ = {
			isa = XCBuildConfiguration;
			buildSettings = {
				ASSETCATALOG_COMPILER_APPICON_NAME = AppIcon;
				CLANG_ENABLE_MODULES = YES;
				DEFINES_MODULE = YES;
				ENABLE_BITCODE = NO;
				FRAMEWORK_SEARCH_PATHS = (
					"$(inherited)",
					"$(PROJECT_DIR)",
				);
				GCC_PREFIX_HEADER = "";
				HEADER_SEARCH_PATHS = "";
				INFOPLIST_FILE = shoppinglist/Info.plist;
				IPHONEOS_DEPLOYMENT_TARGET = 8.0;
				LD_RUNPATH_SEARCH_PATHS = "$(inherited) @executable_path/Frameworks";
				OTHER_LDFLAGS = "";
				PRODUCT_BUNDLE_IDENTIFIER = com.elanini.shoppinglist;
				PRODUCT_NAME = "$(TARGET_NAME)";
			};
			name = Release;
		};
		07F4B1A21C88F52F0063E43A /* Debug */ = {
			isa = XCBuildConfiguration;
			buildSettings = {
				BUNDLE_LOADER = "$(TEST_HOST)";
				INFOPLIST_FILE = shoppinglistTests/Info.plist;
				LD_RUNPATH_SEARCH_PATHS = "$(inherited) @executable_path/Frameworks @loader_path/Frameworks";
				PRODUCT_BUNDLE_IDENTIFIER = com.elanini.shoppinglistTests;
				PRODUCT_NAME = "$(TARGET_NAME)";
				TEST_HOST = "$(BUILT_PRODUCTS_DIR)/shoppinglist.app/shoppinglist";
			};
			name = Debug;
		};
		07F4B1A31C88F52F0063E43A /* Release */ = {
			isa = XCBuildConfiguration;
			buildSettings = {
				BUNDLE_LOADER = "$(TEST_HOST)";
				INFOPLIST_FILE = shoppinglistTests/Info.plist;
				LD_RUNPATH_SEARCH_PATHS = "$(inherited) @executable_path/Frameworks @loader_path/Frameworks";
				PRODUCT_BUNDLE_IDENTIFIER = com.elanini.shoppinglistTests;
				PRODUCT_NAME = "$(TARGET_NAME)";
				TEST_HOST = "$(BUILT_PRODUCTS_DIR)/shoppinglist.app/shoppinglist";
			};
			name = Release;
		};
		07F4B1A51C88F52F0063E43A /* Debug */ = {
			isa = XCBuildConfiguration;
			buildSettings = {
				INFOPLIST_FILE = shoppinglistUITests/Info.plist;
				LD_RUNPATH_SEARCH_PATHS = "$(inherited) @executable_path/Frameworks @loader_path/Frameworks";
				PRODUCT_BUNDLE_IDENTIFIER = com.elanini.shoppinglistUITests;
				PRODUCT_NAME = "$(TARGET_NAME)";
				TEST_TARGET_NAME = shoppinglist;
				USES_XCTRUNNER = YES;
			};
			name = Debug;
		};
		07F4B1A61C88F52F0063E43A /* Release */ = {
			isa = XCBuildConfiguration;
			buildSettings = {
				INFOPLIST_FILE = shoppinglistUITests/Info.plist;
				LD_RUNPATH_SEARCH_PATHS = "$(inherited) @executable_path/Frameworks @loader_path/Frameworks";
				PRODUCT_BUNDLE_IDENTIFIER = com.elanini.shoppinglistUITests;
				PRODUCT_NAME = "$(TARGET_NAME)";
				TEST_TARGET_NAME = shoppinglist;
				USES_XCTRUNNER = YES;
			};
			name = Release;
		};
/* End XCBuildConfiguration section */

/* Begin XCConfigurationList section */
		07F4B16C1C88F52E0063E43A /* Build configuration list for PBXProject "shoppinglist" */ = {
			isa = XCConfigurationList;
			buildConfigurations = (
				07F4B19C1C88F52F0063E43A /* Debug */,
				07F4B19D1C88F52F0063E43A /* Release */,
			);
			defaultConfigurationIsVisible = 0;
			defaultConfigurationName = Release;
		};
		07F4B19E1C88F52F0063E43A /* Build configuration list for PBXNativeTarget "shoppinglist" */ = {
			isa = XCConfigurationList;
			buildConfigurations = (
				07F4B19F1C88F52F0063E43A /* Debug */,
				07F4B1A01C88F52F0063E43A /* Release */,
			);
			defaultConfigurationIsVisible = 0;
			defaultConfigurationName = Release;
		};
		07F4B1A11C88F52F0063E43A /* Build configuration list for PBXNativeTarget "shoppinglistTests" */ = {
			isa = XCConfigurationList;
			buildConfigurations = (
				07F4B1A21C88F52F0063E43A /* Debug */,
				07F4B1A31C88F52F0063E43A /* Release */,
			);
			defaultConfigurationIsVisible = 0;
			defaultConfigurationName = Release;
		};
		07F4B1A41C88F52F0063E43A /* Build configuration list for PBXNativeTarget "shoppinglistUITests" */ = {
			isa = XCConfigurationList;
			buildConfigurations = (
				07F4B1A51C88F52F0063E43A /* Debug */,
				07F4B1A61C88F52F0063E43A /* Release */,
			);
			defaultConfigurationIsVisible = 0;
			defaultConfigurationName = Release;
		};
/* End XCConfigurationList section */
	};
	rootObject = 07F4B1691C88F52E0063E43A /* Project object */;
}
